
Microsoft Visual Studio Solution File, Format Version 12.00
# Visual Studio 15
VisualStudioVersion = 15.0.27004.2008
MinimumVisualStudioVersion = 10.0.40219.1
Project("{2150E333-8FDC-42A3-9474-1A3956D46DE8}") = "InterfacesAndAbstraction", "InterfacesAndAbstraction", "{D6B4D073-42A3-4B67-925A-C72C779CDB7F}"
EndProject
Project("{FAE04EC0-301F-11D3-BF4B-00C04F79EFBC}") = "InterfacesDemo", "Demo\InterfacesDemo.csproj", "{AB8086D4-9375-424C-8E33-EBE5E83A7801}"
EndProject
Project("{2150E333-8FDC-42A3-9474-1A3956D46DE8}") = "Generics", "Generics", "{67A00D77-6F02-4FB9-96CE-FD0E36BAD78A}"
EndProject
Project("{FAE04EC0-301F-11D3-BF4B-00C04F79EFBC}") = "GenericDemo", "GenericDemo\GenericDemo.csproj", "{A4A8E4EE-09D6-4E3A-89D3-19045DE4D405}"
EndProject
Project("{2150E333-8FDC-42A3-9474-1A3956D46DE8}") = "GenericArray", "GenericArray", "{F3CA6D14-FDDD-4142-88A8-30E405F684CA}"
EndProject
Project("{FAE04EC0-301F-11D3-BF4B-00C04F79EFBC}") = "StartUp", "StartUp\StartUp.csproj", "{4CC53DEF-B8F8-4405-BAC5-EA323D94A5B6}"
EndProject
Project("{2150E333-8FDC-42A3-9474-1A3956D46DE8}") = "GenericScale", "GenericScale", "{066CCD62-E0DA-47A2-8951-348B918D0898}"
EndProject
Project("{FAE04EC0-301F-11D3-BF4B-00C04F79EFBC}") = "StartUpManager", "StartUpManager\StartUpManager.csproj", "{B72D206F-69EC-4BC5-A9DB-B704A4C0ED70}"
EndProject
Project("{2150E333-8FDC-42A3-9474-1A3956D46DE8}") = "Enums", "Enums", "{08D9D32B-6F1B-45B2-84FF-CDE3769D4465}"
EndProject
Project("{FAE04EC0-301F-11D3-BF4B-00C04F79EFBC}") = "Start", "Start\Start.csproj", "{157399C4-E136-40CE-AFFB-33A0C5FA695D}"
EndProject
Project("{2150E333-8FDC-42A3-9474-1A3956D46DE8}") = "CoffeMachine", "CoffeMachine", "{7CEB26EE-E58E-4527-8B61-4DF10600FDF4}"
EndProject
Project("{FAE04EC0-301F-11D3-BF4B-00C04F79EFBC}") = "StartUpMachine", "StartUpMachine\StartUpMachine.csproj", "{77A5F068-C4EA-4417-9300-17502607AC4E}"
EndProject
Project("{2150E333-8FDC-42A3-9474-1A3956D46DE8}") = "Trash", "Trash", "{2590449C-042C-4EBC-869A-E7F614205461}"
EndProject
Project("{FAE04EC0-301F-11D3-BF4B-00C04F79EFBC}") = "Shit", "Shit\Shit.csproj", "{DCEB3863-9396-4EF5-9623-EA6CCF4DD015}"
EndProject
Project("{2150E333-8FDC-42A3-9474-1A3956D46DE8}") = "ObjectComunicationsAndEvents", "ObjectComunicationsAndEvents", "{2147BC34-2178-4008-946B-412DE3DC27F0}"
EndProject
Project("{2150E333-8FDC-42A3-9474-1A3956D46DE8}") = "Demo", "Demo", "{EA053455-3B12-4178-B307-6A8F3AE939B0}"
EndProject
Project("{FAE04EC0-301F-11D3-BF4B-00C04F79EFBC}") = "LiveDemo", "LiveDemo\LiveDemo.csproj", "{8DD0585D-AB61-4175-AE13-A8F165B5EAC0}"
EndProject
Project("{2150E333-8FDC-42A3-9474-1A3956D46DE8}") = "Solid", "Solid", "{53D89D15-CA3B-44F2-9F74-B13576DE824F}"
EndProject
Project("{FAE04EC0-301F-11D3-BF4B-00C04F79EFBC}") = "DiscountCalculatorRefactored", "SOLID\DiscountCalculatorRefactored\DiscountCalculatorRefactored.csproj", "{3518E669-82FA-424A-A958-47844B8838B7}"
EndProject
Project("{FAE04EC0-301F-11D3-BF4B-00C04F79EFBC}") = "ISP", "SOLID\ISP\ISP.csproj", "{B8CC851E-379D-46F8-BA07-4CE88AD964B8}"
EndProject
Project("{FAE04EC0-301F-11D3-BF4B-00C04F79EFBC}") = "ISPRefactored", "SOLID\ISPRefactored\ISPRefactored.csproj", "{470229DB-CE78-4EB3-B1DB-992204924C92}"
EndProject
Project("{FAE04EC0-301F-11D3-BF4B-00C04F79EFBC}") = "LiskovPrinciple", "SOLID\LiskovPrinciple\LiskovPrinciple.csproj", "{1EFAECFB-755A-4A0B-9025-8A13254EAA47}"
EndProject
Project("{FAE04EC0-301F-11D3-BF4B-00C04F79EFBC}") = "OpenClosed", "SOLID\OpenClosed\OpenClosed.csproj", "{3BC9D321-5DED-4F41-A87B-EC235A9F5779}"
EndProject
Project("{FAE04EC0-301F-11D3-BF4B-00C04F79EFBC}") = "SalaryDemo", "SOLID\SalaryDemo\SalaryDemo.csproj", "{F916A62A-A0EE-45D8-965F-B356283C2E7B}"
EndProject
Project("{FAE04EC0-301F-11D3-BF4B-00C04F79EFBC}") = "SalaryDemoRefactored", "SOLID\SalaryDemoRefactored\SalaryDemoRefactored.csproj", "{758DC4A3-4834-4EED-8905-6B4B95C82E47}"
EndProject
Project("{2150E333-8FDC-42A3-9474-1A3956D46DE8}") = "DesignPatterns", "DesignPatterns", "{779D5F5C-DF12-48F5-ADFB-DB4473B76924}"
EndProject
Project("{FAE04EC0-301F-11D3-BF4B-00C04F79EFBC}") = "singletonDemo", "DesignPatterns\Singleton\singletonDemo.csproj", "{555B6AE6-A710-43C5-9433-96A4E306D080}"
EndProject
Project("{FAE04EC0-301F-11D3-BF4B-00C04F79EFBC}") = "FactoryDesignPatternV2", "DesignPatterns\FactoryDesignPatternV2\FactoryDesignPatternV2.csproj", "{AB893801-9F74-449F-9665-2ECD67309B90}"
EndProject
Project("{FAE04EC0-301F-11D3-BF4B-00C04F79EFBC}") = "FactoryDesignPatternDemo", "DesignPatterns\FactoryDesignPatternDemo\FactoryDesignPatternDemo.csproj", "{3B240A0D-78A2-4668-A2C4-22AA039AC0BA}"
EndProject
Project("{FAE04EC0-301F-11D3-BF4B-00C04F79EFBC}") = "AsbtractPattern", "DesignPatterns\AbstractDesignPattern\AsbtractPattern.csproj", "{F52F3D9D-649C-42A4-81D9-4106BCCD7F8B}"
EndProject
Project("{FAE04EC0-301F-11D3-BF4B-00C04F79EFBC}") = "AsbtractFactoryV2", "AsbtractDesignPatternV2\AsbtractFactoryV2.csproj", "{6CC9D3E8-FAAB-4610-80CB-1E195C3C5097}"
EndProject
Project("{FAE04EC0-301F-11D3-BF4B-00C04F79EFBC}") = "CoffeFactoryDemo", "CoffeFactoryDemo\CoffeFactoryDemo.csproj", "{DCDC72CC-123D-4445-A976-280E07A25655}"
EndProject
Project("{FAE04EC0-301F-11D3-BF4B-00C04F79EFBC}") = "WarFactoryDemo", "WarFactoryDemo\WarFactoryDemo.csproj", "{C927A950-3A0F-44CD-B742-DBD723ADA6E8}"
EndProject
Project("{FAE04EC0-301F-11D3-BF4B-00C04F79EFBC}") = "BuilderPatternDemo", "BuilderPatternDemo\BuilderPatternDemo.csproj", "{44B99098-2AD1-4B20-8212-755D022D852A}"
EndProject
Global
	GlobalSection(SolutionConfigurationPlatforms) = preSolution
		Debug|Any CPU = Debug|Any CPU
		Release|Any CPU = Release|Any CPU
	EndGlobalSection
	GlobalSection(ProjectConfigurationPlatforms) = postSolution
		{AB8086D4-9375-424C-8E33-EBE5E83A7801}.Debug|Any CPU.ActiveCfg = Debug|Any CPU
		{AB8086D4-9375-424C-8E33-EBE5E83A7801}.Debug|Any CPU.Build.0 = Debug|Any CPU
		{AB8086D4-9375-424C-8E33-EBE5E83A7801}.Release|Any CPU.ActiveCfg = Release|Any CPU
		{AB8086D4-9375-424C-8E33-EBE5E83A7801}.Release|Any CPU.Build.0 = Release|Any CPU
		{A4A8E4EE-09D6-4E3A-89D3-19045DE4D405}.Debug|Any CPU.ActiveCfg = Debug|Any CPU
		{A4A8E4EE-09D6-4E3A-89D3-19045DE4D405}.Debug|Any CPU.Build.0 = Debug|Any CPU
		{A4A8E4EE-09D6-4E3A-89D3-19045DE4D405}.Release|Any CPU.ActiveCfg = Release|Any CPU
		{A4A8E4EE-09D6-4E3A-89D3-19045DE4D405}.Release|Any CPU.Build.0 = Release|Any CPU
		{4CC53DEF-B8F8-4405-BAC5-EA323D94A5B6}.Debug|Any CPU.ActiveCfg = Debug|Any CPU
		{4CC53DEF-B8F8-4405-BAC5-EA323D94A5B6}.Debug|Any CPU.Build.0 = Debug|Any CPU
		{4CC53DEF-B8F8-4405-BAC5-EA323D94A5B6}.Release|Any CPU.ActiveCfg = Release|Any CPU
		{4CC53DEF-B8F8-4405-BAC5-EA323D94A5B6}.Release|Any CPU.Build.0 = Release|Any CPU
		{B72D206F-69EC-4BC5-A9DB-B704A4C0ED70}.Debug|Any CPU.ActiveCfg = Debug|Any CPU
		{B72D206F-69EC-4BC5-A9DB-B704A4C0ED70}.Debug|Any CPU.Build.0 = Debug|Any CPU
		{B72D206F-69EC-4BC5-A9DB-B704A4C0ED70}.Release|Any CPU.ActiveCfg = Release|Any CPU
		{B72D206F-69EC-4BC5-A9DB-B704A4C0ED70}.Release|Any CPU.Build.0 = Release|Any CPU
		{157399C4-E136-40CE-AFFB-33A0C5FA695D}.Debug|Any CPU.ActiveCfg = Debug|Any CPU
		{157399C4-E136-40CE-AFFB-33A0C5FA695D}.Debug|Any CPU.Build.0 = Debug|Any CPU
		{157399C4-E136-40CE-AFFB-33A0C5FA695D}.Release|Any CPU.ActiveCfg = Release|Any CPU
		{157399C4-E136-40CE-AFFB-33A0C5FA695D}.Release|Any CPU.Build.0 = Release|Any CPU
		{77A5F068-C4EA-4417-9300-17502607AC4E}.Debug|Any CPU.ActiveCfg = Debug|Any CPU
		{77A5F068-C4EA-4417-9300-17502607AC4E}.Debug|Any CPU.Build.0 = Debug|Any CPU
		{77A5F068-C4EA-4417-9300-17502607AC4E}.Release|Any CPU.ActiveCfg = Release|Any CPU
		{77A5F068-C4EA-4417-9300-17502607AC4E}.Release|Any CPU.Build.0 = Release|Any CPU
		{DCEB3863-9396-4EF5-9623-EA6CCF4DD015}.Debug|Any CPU.ActiveCfg = Debug|Any CPU
		{DCEB3863-9396-4EF5-9623-EA6CCF4DD015}.Debug|Any CPU.Build.0 = Debug|Any CPU
		{DCEB3863-9396-4EF5-9623-EA6CCF4DD015}.Release|Any CPU.ActiveCfg = Release|Any CPU
		{DCEB3863-9396-4EF5-9623-EA6CCF4DD015}.Release|Any CPU.Build.0 = Release|Any CPU
		{8DD0585D-AB61-4175-AE13-A8F165B5EAC0}.Debug|Any CPU.ActiveCfg = Debug|Any CPU
		{8DD0585D-AB61-4175-AE13-A8F165B5EAC0}.Debug|Any CPU.Build.0 = Debug|Any CPU
		{8DD0585D-AB61-4175-AE13-A8F165B5EAC0}.Release|Any CPU.ActiveCfg = Release|Any CPU
		{8DD0585D-AB61-4175-AE13-A8F165B5EAC0}.Release|Any CPU.Build.0 = Release|Any CPU
		{3518E669-82FA-424A-A958-47844B8838B7}.Debug|Any CPU.ActiveCfg = Debug|Any CPU
		{3518E669-82FA-424A-A958-47844B8838B7}.Debug|Any CPU.Build.0 = Debug|Any CPU
		{3518E669-82FA-424A-A958-47844B8838B7}.Release|Any CPU.ActiveCfg = Release|Any CPU
		{3518E669-82FA-424A-A958-47844B8838B7}.Release|Any CPU.Build.0 = Release|Any CPU
		{B8CC851E-379D-46F8-BA07-4CE88AD964B8}.Debug|Any CPU.ActiveCfg = Debug|Any CPU
		{B8CC851E-379D-46F8-BA07-4CE88AD964B8}.Debug|Any CPU.Build.0 = Debug|Any CPU
		{B8CC851E-379D-46F8-BA07-4CE88AD964B8}.Release|Any CPU.ActiveCfg = Release|Any CPU
		{B8CC851E-379D-46F8-BA07-4CE88AD964B8}.Release|Any CPU.Build.0 = Release|Any CPU
		{470229DB-CE78-4EB3-B1DB-992204924C92}.Debug|Any CPU.ActiveCfg = Debug|Any CPU
		{470229DB-CE78-4EB3-B1DB-992204924C92}.Debug|Any CPU.Build.0 = Debug|Any CPU
		{470229DB-CE78-4EB3-B1DB-992204924C92}.Release|Any CPU.ActiveCfg = Release|Any CPU
		{470229DB-CE78-4EB3-B1DB-992204924C92}.Release|Any CPU.Build.0 = Release|Any CPU
		{1EFAECFB-755A-4A0B-9025-8A13254EAA47}.Debug|Any CPU.ActiveCfg = Debug|Any CPU
		{1EFAECFB-755A-4A0B-9025-8A13254EAA47}.Debug|Any CPU.Build.0 = Debug|Any CPU
		{1EFAECFB-755A-4A0B-9025-8A13254EAA47}.Release|Any CPU.ActiveCfg = Release|Any CPU
		{1EFAECFB-755A-4A0B-9025-8A13254EAA47}.Release|Any CPU.Build.0 = Release|Any CPU
		{3BC9D321-5DED-4F41-A87B-EC235A9F5779}.Debug|Any CPU.ActiveCfg = Debug|Any CPU
		{3BC9D321-5DED-4F41-A87B-EC235A9F5779}.Debug|Any CPU.Build.0 = Debug|Any CPU
		{3BC9D321-5DED-4F41-A87B-EC235A9F5779}.Release|Any CPU.ActiveCfg = Release|Any CPU
		{3BC9D321-5DED-4F41-A87B-EC235A9F5779}.Release|Any CPU.Build.0 = Release|Any CPU
		{F916A62A-A0EE-45D8-965F-B356283C2E7B}.Debug|Any CPU.ActiveCfg = Debug|Any CPU
		{F916A62A-A0EE-45D8-965F-B356283C2E7B}.Debug|Any CPU.Build.0 = Debug|Any CPU
		{F916A62A-A0EE-45D8-965F-B356283C2E7B}.Release|Any CPU.ActiveCfg = Release|Any CPU
		{F916A62A-A0EE-45D8-965F-B356283C2E7B}.Release|Any CPU.Build.0 = Release|Any CPU
		{758DC4A3-4834-4EED-8905-6B4B95C82E47}.Debug|Any CPU.ActiveCfg = Debug|Any CPU
		{758DC4A3-4834-4EED-8905-6B4B95C82E47}.Debug|Any CPU.Build.0 = Debug|Any CPU
		{758DC4A3-4834-4EED-8905-6B4B95C82E47}.Release|Any CPU.ActiveCfg = Release|Any CPU
		{758DC4A3-4834-4EED-8905-6B4B95C82E47}.Release|Any CPU.Build.0 = Release|Any CPU
		{555B6AE6-A710-43C5-9433-96A4E306D080}.Debug|Any CPU.ActiveCfg = Debug|Any CPU
		{555B6AE6-A710-43C5-9433-96A4E306D080}.Debug|Any CPU.Build.0 = Debug|Any CPU
		{555B6AE6-A710-43C5-9433-96A4E306D080}.Release|Any CPU.ActiveCfg = Release|Any CPU
		{555B6AE6-A710-43C5-9433-96A4E306D080}.Release|Any CPU.Build.0 = Release|Any CPU
		{AB893801-9F74-449F-9665-2ECD67309B90}.Debug|Any CPU.ActiveCfg = Debug|Any CPU
		{AB893801-9F74-449F-9665-2ECD67309B90}.Debug|Any CPU.Build.0 = Debug|Any CPU
		{AB893801-9F74-449F-9665-2ECD67309B90}.Release|Any CPU.ActiveCfg = Release|Any CPU
		{AB893801-9F74-449F-9665-2ECD67309B90}.Release|Any CPU.Build.0 = Release|Any CPU
		{3B240A0D-78A2-4668-A2C4-22AA039AC0BA}.Debug|Any CPU.ActiveCfg = Debug|Any CPU
		{3B240A0D-78A2-4668-A2C4-22AA039AC0BA}.Debug|Any CPU.Build.0 = Debug|Any CPU
		{3B240A0D-78A2-4668-A2C4-22AA039AC0BA}.Release|Any CPU.ActiveCfg = Release|Any CPU
		{3B240A0D-78A2-4668-A2C4-22AA039AC0BA}.Release|Any CPU.Build.0 = Release|Any CPU
		{F52F3D9D-649C-42A4-81D9-4106BCCD7F8B}.Debug|Any CPU.ActiveCfg = Debug|Any CPU
		{F52F3D9D-649C-42A4-81D9-4106BCCD7F8B}.Debug|Any CPU.Build.0 = Debug|Any CPU
		{F52F3D9D-649C-42A4-81D9-4106BCCD7F8B}.Release|Any CPU.ActiveCfg = Release|Any CPU
		{F52F3D9D-649C-42A4-81D9-4106BCCD7F8B}.Release|Any CPU.Build.0 = Release|Any CPU
		{6CC9D3E8-FAAB-4610-80CB-1E195C3C5097}.Debug|Any CPU.ActiveCfg = Debug|Any CPU
		{6CC9D3E8-FAAB-4610-80CB-1E195C3C5097}.Debug|Any CPU.Build.0 = Debug|Any CPU
		{6CC9D3E8-FAAB-4610-80CB-1E195C3C5097}.Release|Any CPU.ActiveCfg = Release|Any CPU
		{6CC9D3E8-FAAB-4610-80CB-1E195C3C5097}.Release|Any CPU.Build.0 = Release|Any CPU
		{DCDC72CC-123D-4445-A976-280E07A25655}.Debug|Any CPU.ActiveCfg = Debug|Any CPU
		{DCDC72CC-123D-4445-A976-280E07A25655}.Debug|Any CPU.Build.0 = Debug|Any CPU
		{DCDC72CC-123D-4445-A976-280E07A25655}.Release|Any CPU.ActiveCfg = Release|Any CPU
		{DCDC72CC-123D-4445-A976-280E07A25655}.Release|Any CPU.Build.0 = Release|Any CPU
		{C927A950-3A0F-44CD-B742-DBD723ADA6E8}.Debug|Any CPU.ActiveCfg = Debug|Any CPU
		{C927A950-3A0F-44CD-B742-DBD723ADA6E8}.Debug|Any CPU.Build.0 = Debug|Any CPU
		{C927A950-3A0F-44CD-B742-DBD723ADA6E8}.Release|Any CPU.ActiveCfg = Release|Any CPU
		{C927A950-3A0F-44CD-B742-DBD723ADA6E8}.Release|Any CPU.Build.0 = Release|Any CPU
		{44B99098-2AD1-4B20-8212-755D022D852A}.Debug|Any CPU.ActiveCfg = Debug|Any CPU
		{44B99098-2AD1-4B20-8212-755D022D852A}.Debug|Any CPU.Build.0 = Debug|Any CPU
		{44B99098-2AD1-4B20-8212-755D022D852A}.Release|Any CPU.ActiveCfg = Release|Any CPU
		{44B99098-2AD1-4B20-8212-755D022D852A}.Release|Any CPU.Build.0 = Release|Any CPU
	EndGlobalSection
	GlobalSection(SolutionProperties) = preSolution
		HideSolutionNode = FALSE
	EndGlobalSection
	GlobalSection(NestedProjects) = preSolution
		{AB8086D4-9375-424C-8E33-EBE5E83A7801} = {D6B4D073-42A3-4B67-925A-C72C779CDB7F}
		{A4A8E4EE-09D6-4E3A-89D3-19045DE4D405} = {67A00D77-6F02-4FB9-96CE-FD0E36BAD78A}
		{4CC53DEF-B8F8-4405-BAC5-EA323D94A5B6} = {F3CA6D14-FDDD-4142-88A8-30E405F684CA}
		{B72D206F-69EC-4BC5-A9DB-B704A4C0ED70} = {066CCD62-E0DA-47A2-8951-348B918D0898}
		{157399C4-E136-40CE-AFFB-33A0C5FA695D} = {08D9D32B-6F1B-45B2-84FF-CDE3769D4465}
		{77A5F068-C4EA-4417-9300-17502607AC4E} = {7CEB26EE-E58E-4527-8B61-4DF10600FDF4}
		{DCEB3863-9396-4EF5-9623-EA6CCF4DD015} = {2590449C-042C-4EBC-869A-E7F614205461}
		{EA053455-3B12-4178-B307-6A8F3AE939B0} = {2147BC34-2178-4008-946B-412DE3DC27F0}
		{8DD0585D-AB61-4175-AE13-A8F165B5EAC0} = {EA053455-3B12-4178-B307-6A8F3AE939B0}
		{3518E669-82FA-424A-A958-47844B8838B7} = {53D89D15-CA3B-44F2-9F74-B13576DE824F}
		{B8CC851E-379D-46F8-BA07-4CE88AD964B8} = {53D89D15-CA3B-44F2-9F74-B13576DE824F}
		{470229DB-CE78-4EB3-B1DB-992204924C92} = {53D89D15-CA3B-44F2-9F74-B13576DE824F}
		{1EFAECFB-755A-4A0B-9025-8A13254EAA47} = {53D89D15-CA3B-44F2-9F74-B13576DE824F}
		{3BC9D321-5DED-4F41-A87B-EC235A9F5779} = {53D89D15-CA3B-44F2-9F74-B13576DE824F}
		{F916A62A-A0EE-45D8-965F-B356283C2E7B} = {53D89D15-CA3B-44F2-9F74-B13576DE824F}
		{758DC4A3-4834-4EED-8905-6B4B95C82E47} = {53D89D15-CA3B-44F2-9F74-B13576DE824F}
		{555B6AE6-A710-43C5-9433-96A4E306D080} = {779D5F5C-DF12-48F5-ADFB-DB4473B76924}
		{AB893801-9F74-449F-9665-2ECD67309B90} = {779D5F5C-DF12-48F5-ADFB-DB4473B76924}
		{3B240A0D-78A2-4668-A2C4-22AA039AC0BA} = {779D5F5C-DF12-48F5-ADFB-DB4473B76924}
		{F52F3D9D-649C-42A4-81D9-4106BCCD7F8B} = {779D5F5C-DF12-48F5-ADFB-DB4473B76924}
		{6CC9D3E8-FAAB-4610-80CB-1E195C3C5097} = {779D5F5C-DF12-48F5-ADFB-DB4473B76924}
		{DCDC72CC-123D-4445-A976-280E07A25655} = {779D5F5C-DF12-48F5-ADFB-DB4473B76924}
		{C927A950-3A0F-44CD-B742-DBD723ADA6E8} = {779D5F5C-DF12-48F5-ADFB-DB4473B76924}
		{44B99098-2AD1-4B20-8212-755D022D852A} = {779D5F5C-DF12-48F5-ADFB-DB4473B76924}
	EndGlobalSection
	GlobalSection(ExtensibilityGlobals) = postSolution
		SolutionGuid = {833FC759-E5AE-497D-BF77-EE3578DEF057}
	EndGlobalSection
EndGlobal
