
Microsoft Visual Studio Solution File, Format Version 12.00
# Visual Studio 15
VisualStudioVersion = 15.0.27004.2006
MinimumVisualStudioVersion = 10.0.40219.1
Project("{2150E333-8FDC-42A3-9474-1A3956D46DE8}") = "InterfacesAndAbstraction", "InterfacesAndAbstraction", "{D6B4D073-42A3-4B67-925A-C72C779CDB7F}"
EndProject
Project("{FAE04EC0-301F-11D3-BF4B-00C04F79EFBC}") = "InterfacesDemo", "Demo\InterfacesDemo.csproj", "{AB8086D4-9375-424C-8E33-EBE5E83A7801}"
EndProject
Project("{2150E333-8FDC-42A3-9474-1A3956D46DE8}") = "Generics", "Generics", "{67A00D77-6F02-4FB9-96CE-FD0E36BAD78A}"
EndProject
Project("{FAE04EC0-301F-11D3-BF4B-00C04F79EFBC}") = "GenericDemo", "GenericDemo\GenericDemo.csproj", "{A4A8E4EE-09D6-4E3A-89D3-19045DE4D405}"
EndProject
Project("{2150E333-8FDC-42A3-9474-1A3956D46DE8}") = "GenericArray", "GenericArray", "{F3CA6D14-FDDD-4142-88A8-30E405F684CA}"
EndProject
Project("{FAE04EC0-301F-11D3-BF4B-00C04F79EFBC}") = "StartUp", "StartUp\StartUp.csproj", "{4CC53DEF-B8F8-4405-BAC5-EA323D94A5B6}"
EndProject
Project("{2150E333-8FDC-42A3-9474-1A3956D46DE8}") = "GenericScale", "GenericScale", "{066CCD62-E0DA-47A2-8951-348B918D0898}"
EndProject
Project("{FAE04EC0-301F-11D3-BF4B-00C04F79EFBC}") = "StartUpManager", "StartUpManager\StartUpManager.csproj", "{B72D206F-69EC-4BC5-A9DB-B704A4C0ED70}"
EndProject
Project("{2150E333-8FDC-42A3-9474-1A3956D46DE8}") = "Enums", "Enums", "{08D9D32B-6F1B-45B2-84FF-CDE3769D4465}"
EndProject
Project("{FAE04EC0-301F-11D3-BF4B-00C04F79EFBC}") = "Start", "Start\Start.csproj", "{157399C4-E136-40CE-AFFB-33A0C5FA695D}"
EndProject
Project("{2150E333-8FDC-42A3-9474-1A3956D46DE8}") = "CoffeMachine", "CoffeMachine", "{7CEB26EE-E58E-4527-8B61-4DF10600FDF4}"
EndProject
Project("{FAE04EC0-301F-11D3-BF4B-00C04F79EFBC}") = "StartUpMachine", "StartUpMachine\StartUpMachine.csproj", "{77A5F068-C4EA-4417-9300-17502607AC4E}"
EndProject
Project("{2150E333-8FDC-42A3-9474-1A3956D46DE8}") = "Trash", "Trash", "{2590449C-042C-4EBC-869A-E7F614205461}"
EndProject
Project("{FAE04EC0-301F-11D3-BF4B-00C04F79EFBC}") = "Shit", "Shit\Shit.csproj", "{DCEB3863-9396-4EF5-9623-EA6CCF4DD015}"
EndProject
Project("{2150E333-8FDC-42A3-9474-1A3956D46DE8}") = "ObjectComunicationsAndEvents", "ObjectComunicationsAndEvents", "{2147BC34-2178-4008-946B-412DE3DC27F0}"
EndProject
Project("{2150E333-8FDC-42A3-9474-1A3956D46DE8}") = "Demo", "Demo", "{EA053455-3B12-4178-B307-6A8F3AE939B0}"
EndProject
Project("{FAE04EC0-301F-11D3-BF4B-00C04F79EFBC}") = "LiveDemo", "LiveDemo\LiveDemo.csproj", "{8DD0585D-AB61-4175-AE13-A8F165B5EAC0}"
EndProject
Global
	GlobalSection(SolutionConfigurationPlatforms) = preSolution
		Debug|Any CPU = Debug|Any CPU
		Release|Any CPU = Release|Any CPU
	EndGlobalSection
	GlobalSection(ProjectConfigurationPlatforms) = postSolution
		{AB8086D4-9375-424C-8E33-EBE5E83A7801}.Debug|Any CPU.ActiveCfg = Debug|Any CPU
		{AB8086D4-9375-424C-8E33-EBE5E83A7801}.Debug|Any CPU.Build.0 = Debug|Any CPU
		{AB8086D4-9375-424C-8E33-EBE5E83A7801}.Release|Any CPU.ActiveCfg = Release|Any CPU
		{AB8086D4-9375-424C-8E33-EBE5E83A7801}.Release|Any CPU.Build.0 = Release|Any CPU
		{A4A8E4EE-09D6-4E3A-89D3-19045DE4D405}.Debug|Any CPU.ActiveCfg = Debug|Any CPU
		{A4A8E4EE-09D6-4E3A-89D3-19045DE4D405}.Debug|Any CPU.Build.0 = Debug|Any CPU
		{A4A8E4EE-09D6-4E3A-89D3-19045DE4D405}.Release|Any CPU.ActiveCfg = Release|Any CPU
		{A4A8E4EE-09D6-4E3A-89D3-19045DE4D405}.Release|Any CPU.Build.0 = Release|Any CPU
		{4CC53DEF-B8F8-4405-BAC5-EA323D94A5B6}.Debug|Any CPU.ActiveCfg = Debug|Any CPU
		{4CC53DEF-B8F8-4405-BAC5-EA323D94A5B6}.Debug|Any CPU.Build.0 = Debug|Any CPU
		{4CC53DEF-B8F8-4405-BAC5-EA323D94A5B6}.Release|Any CPU.ActiveCfg = Release|Any CPU
		{4CC53DEF-B8F8-4405-BAC5-EA323D94A5B6}.Release|Any CPU.Build.0 = Release|Any CPU
		{B72D206F-69EC-4BC5-A9DB-B704A4C0ED70}.Debug|Any CPU.ActiveCfg = Debug|Any CPU
		{B72D206F-69EC-4BC5-A9DB-B704A4C0ED70}.Debug|Any CPU.Build.0 = Debug|Any CPU
		{B72D206F-69EC-4BC5-A9DB-B704A4C0ED70}.Release|Any CPU.ActiveCfg = Release|Any CPU
		{B72D206F-69EC-4BC5-A9DB-B704A4C0ED70}.Release|Any CPU.Build.0 = Release|Any CPU
		{157399C4-E136-40CE-AFFB-33A0C5FA695D}.Debug|Any CPU.ActiveCfg = Debug|Any CPU
		{157399C4-E136-40CE-AFFB-33A0C5FA695D}.Debug|Any CPU.Build.0 = Debug|Any CPU
		{157399C4-E136-40CE-AFFB-33A0C5FA695D}.Release|Any CPU.ActiveCfg = Release|Any CPU
		{157399C4-E136-40CE-AFFB-33A0C5FA695D}.Release|Any CPU.Build.0 = Release|Any CPU
		{77A5F068-C4EA-4417-9300-17502607AC4E}.Debug|Any CPU.ActiveCfg = Debug|Any CPU
		{77A5F068-C4EA-4417-9300-17502607AC4E}.Debug|Any CPU.Build.0 = Debug|Any CPU
		{77A5F068-C4EA-4417-9300-17502607AC4E}.Release|Any CPU.ActiveCfg = Release|Any CPU
		{77A5F068-C4EA-4417-9300-17502607AC4E}.Release|Any CPU.Build.0 = Release|Any CPU
		{DCEB3863-9396-4EF5-9623-EA6CCF4DD015}.Debug|Any CPU.ActiveCfg = Debug|Any CPU
		{DCEB3863-9396-4EF5-9623-EA6CCF4DD015}.Debug|Any CPU.Build.0 = Debug|Any CPU
		{DCEB3863-9396-4EF5-9623-EA6CCF4DD015}.Release|Any CPU.ActiveCfg = Release|Any CPU
		{DCEB3863-9396-4EF5-9623-EA6CCF4DD015}.Release|Any CPU.Build.0 = Release|Any CPU
		{8DD0585D-AB61-4175-AE13-A8F165B5EAC0}.Debug|Any CPU.ActiveCfg = Debug|Any CPU
		{8DD0585D-AB61-4175-AE13-A8F165B5EAC0}.Debug|Any CPU.Build.0 = Debug|Any CPU
		{8DD0585D-AB61-4175-AE13-A8F165B5EAC0}.Release|Any CPU.ActiveCfg = Release|Any CPU
		{8DD0585D-AB61-4175-AE13-A8F165B5EAC0}.Release|Any CPU.Build.0 = Release|Any CPU
	EndGlobalSection
	GlobalSection(SolutionProperties) = preSolution
		HideSolutionNode = FALSE
	EndGlobalSection
	GlobalSection(NestedProjects) = preSolution
		{AB8086D4-9375-424C-8E33-EBE5E83A7801} = {D6B4D073-42A3-4B67-925A-C72C779CDB7F}
		{A4A8E4EE-09D6-4E3A-89D3-19045DE4D405} = {67A00D77-6F02-4FB9-96CE-FD0E36BAD78A}
		{4CC53DEF-B8F8-4405-BAC5-EA323D94A5B6} = {F3CA6D14-FDDD-4142-88A8-30E405F684CA}
		{B72D206F-69EC-4BC5-A9DB-B704A4C0ED70} = {066CCD62-E0DA-47A2-8951-348B918D0898}
		{157399C4-E136-40CE-AFFB-33A0C5FA695D} = {08D9D32B-6F1B-45B2-84FF-CDE3769D4465}
		{77A5F068-C4EA-4417-9300-17502607AC4E} = {7CEB26EE-E58E-4527-8B61-4DF10600FDF4}
		{DCEB3863-9396-4EF5-9623-EA6CCF4DD015} = {2590449C-042C-4EBC-869A-E7F614205461}
		{EA053455-3B12-4178-B307-6A8F3AE939B0} = {2147BC34-2178-4008-946B-412DE3DC27F0}
		{8DD0585D-AB61-4175-AE13-A8F165B5EAC0} = {EA053455-3B12-4178-B307-6A8F3AE939B0}
	EndGlobalSection
	GlobalSection(ExtensibilityGlobals) = postSolution
		SolutionGuid = {833FC759-E5AE-497D-BF77-EE3578DEF057}
	EndGlobalSection
EndGlobal
